// !$*UTF8*$!
{
	archiveVersion = 1;
	classes = {
	};
	objectVersion = 50;
	objects = {

/* Begin PBXBuildFile section */
		3325F16876FD6C04DB0BB0A5 /* libPods-ProjectTwo.a in Frameworks */ = {isa = PBXBuildFile; fileRef = 1F08FE34975E83A462440D57 /* libPods-ProjectTwo.a */; };
		BD3A8C802314A4C9008D9C70 /* AppDelegate.swift in Sources */ = {isa = PBXBuildFile; fileRef = BD3A8C7F2314A4C9008D9C70 /* AppDelegate.swift */; };
		BD3A8C822314A4C9008D9C70 /* ViewController.swift in Sources */ = {isa = PBXBuildFile; fileRef = BD3A8C812314A4C9008D9C70 /* ViewController.swift */; };
		BD3A8C852314A4C9008D9C70 /* Main.storyboard in Resources */ = {isa = PBXBuildFile; fileRef = BD3A8C832314A4C9008D9C70 /* Main.storyboard */; };
		BD3A8C882314A4C9008D9C70 /* ProjectTwo.xcdatamodeld in Sources */ = {isa = PBXBuildFile; fileRef = BD3A8C862314A4C9008D9C70 /* ProjectTwo.xcdatamodeld */; };
		BD3A8C8A2314A4CA008D9C70 /* Assets.xcassets in Resources */ = {isa = PBXBuildFile; fileRef = BD3A8C892314A4CA008D9C70 /* Assets.xcassets */; };
		BD3A8C8D2314A4CA008D9C70 /* LaunchScreen.storyboard in Resources */ = {isa = PBXBuildFile; fileRef = BD3A8C8B2314A4CA008D9C70 /* LaunchScreen.storyboard */; };
/* End PBXBuildFile section */

/* Begin PBXFileReference section */
		1D9ECEA7D4D703CED72F5506 /* Pods-ProjectTwo.debug.xcconfig */ = {isa = PBXFileReference; includeInIndex = 1; lastKnownFileType = text.xcconfig; name = "Pods-ProjectTwo.debug.xcconfig"; path = "Target Support Files/Pods-ProjectTwo/Pods-ProjectTwo.debug.xcconfig"; sourceTree = "<group>"; };
		1F08FE34975E83A462440D57 /* libPods-ProjectTwo.a */ = {isa = PBXFileReference; explicitFileType = archive.ar; includeInIndex = 0; path = "libPods-ProjectTwo.a"; sourceTree = BUILT_PRODUCTS_DIR; };
		BD3A8C7C2314A4C9008D9C70 /* ProjectTwo.app */ = {isa = PBXFileReference; explicitFileType = wrapper.application; includeInIndex = 0; path = ProjectTwo.app; sourceTree = BUILT_PRODUCTS_DIR; };
		BD3A8C7F2314A4C9008D9C70 /* AppDelegate.swift */ = {isa = PBXFileReference; lastKnownFileType = sourcecode.swift; path = AppDelegate.swift; sourceTree = "<group>"; };
		BD3A8C812314A4C9008D9C70 /* ViewController.swift */ = {isa = PBXFileReference; lastKnownFileType = sourcecode.swift; path = ViewController.swift; sourceTree = "<group>"; };
		BD3A8C842314A4C9008D9C70 /* Base */ = {isa = PBXFileReference; lastKnownFileType = file.storyboard; name = Base; path = Base.lproj/Main.storyboard; sourceTree = "<group>"; };
		BD3A8C872314A4C9008D9C70 /* ProjectTwo.xcdatamodel */ = {isa = PBXFileReference; lastKnownFileType = wrapper.xcdatamodel; path = ProjectTwo.xcdatamodel; sourceTree = "<group>"; };
		BD3A8C892314A4CA008D9C70 /* Assets.xcassets */ = {isa = PBXFileReference; lastKnownFileType = folder.assetcatalog; path = Assets.xcassets; sourceTree = "<group>"; };
		BD3A8C8C2314A4CA008D9C70 /* Base */ = {isa = PBXFileReference; lastKnownFileType = file.storyboard; name = Base; path = Base.lproj/LaunchScreen.storyboard; sourceTree = "<group>"; };
		BD3A8C8E2314A4CA008D9C70 /* Info.plist */ = {isa = PBXFileReference; lastKnownFileType = text.plist.xml; path = Info.plist; sourceTree = "<group>"; };
		BD3A8C942314A653008D9C70 /* ProjectTwo-Bridging-Header.h */ = {isa = PBXFileReference; lastKnownFileType = sourcecode.c.h; path = "ProjectTwo-Bridging-Header.h"; sourceTree = "<group>"; };
		CB91344547A173AED85DA54E /* Pods-ProjectTwo.release.xcconfig */ = {isa = PBXFileReference; includeInIndex = 1; lastKnownFileType = text.xcconfig; name = "Pods-ProjectTwo.release.xcconfig"; path = "Target Support Files/Pods-ProjectTwo/Pods-ProjectTwo.release.xcconfig"; sourceTree = "<group>"; };
/* End PBXFileReference section */

/* Begin PBXFrameworksBuildPhase section */
		BD3A8C792314A4C9008D9C70 /* Frameworks */ = {
			isa = PBXFrameworksBuildPhase;
			buildActionMask = 2147483647;
			files = (
				3325F16876FD6C04DB0BB0A5 /* libPods-ProjectTwo.a in Frameworks */,
			);
			runOnlyForDeploymentPostprocessing = 0;
		};
/* End PBXFrameworksBuildPhase section */

/* Begin PBXGroup section */
		3592EAE24C85B216FA1F402F /* Pods */ = {
			isa = PBXGroup;
			children = (
				1D9ECEA7D4D703CED72F5506 /* Pods-ProjectTwo.debug.xcconfig */,
				CB91344547A173AED85DA54E /* Pods-ProjectTwo.release.xcconfig */,
			);
			path = Pods;
			sourceTree = "<group>";
		};
		BD3A8C732314A4C8008D9C70 = {
			isa = PBXGroup;
			children = (
				BD3A8C7E2314A4C9008D9C70 /* ProjectTwo */,
				BD3A8C7D2314A4C9008D9C70 /* Products */,
				3592EAE24C85B216FA1F402F /* Pods */,
				F30813D721D5E3424542A40B /* Frameworks */,
			);
			sourceTree = "<group>";
		};
		BD3A8C7D2314A4C9008D9C70 /* Products */ = {
			isa = PBXGroup;
			children = (
				BD3A8C7C2314A4C9008D9C70 /* ProjectTwo.app */,
			);
			name = Products;
			sourceTree = "<group>";
		};
		BD3A8C7E2314A4C9008D9C70 /* ProjectTwo */ = {
			isa = PBXGroup;
			children = (
				BD3A8C7F2314A4C9008D9C70 /* AppDelegate.swift */,
				BD3A8C812314A4C9008D9C70 /* ViewController.swift */,
				BD3A8C832314A4C9008D9C70 /* Main.storyboard */,
				BD3A8C892314A4CA008D9C70 /* Assets.xcassets */,
				BD3A8C8B2314A4CA008D9C70 /* LaunchScreen.storyboard */,
				BD3A8C8E2314A4CA008D9C70 /* Info.plist */,
				BD3A8C862314A4C9008D9C70 /* ProjectTwo.xcdatamodeld */,
				BD3A8C942314A653008D9C70 /* ProjectTwo-Bridging-Header.h */,
			);
			path = ProjectTwo;
			sourceTree = "<group>";
		};
		F30813D721D5E3424542A40B /* Frameworks */ = {
			isa = PBXGroup;
			children = (
				1F08FE34975E83A462440D57 /* libPods-ProjectTwo.a */,
			);
			name = Frameworks;
			sourceTree = "<group>";
		};
/* End PBXGroup section */

/* Begin PBXNativeTarget section */
		BD3A8C7B2314A4C9008D9C70 /* ProjectTwo */ = {
			isa = PBXNativeTarget;
			buildConfigurationList = BD3A8C912314A4CA008D9C70 /* Build configuration list for PBXNativeTarget "ProjectTwo" */;
			buildPhases = (
				19B3591EAC4195BBF61009CE /* [CP] Check Pods Manifest.lock */,
				BD3A8C782314A4C9008D9C70 /* Sources */,
				BD3A8C792314A4C9008D9C70 /* Frameworks */,
				BD3A8C7A2314A4C9008D9C70 /* Resources */,
			);
			buildRules = (
			);
			dependencies = (
			);
			name = ProjectTwo;
			productName = ProjectTwo;
			productReference = BD3A8C7C2314A4C9008D9C70 /* ProjectTwo.app */;
			productType = "com.apple.product-type.application";
		};
/* End PBXNativeTarget section */

/* Begin PBXProject section */
		BD3A8C742314A4C8008D9C70 /* Project object */ = {
			isa = PBXProject;
			attributes = {
				LastSwiftUpdateCheck = 1030;
				LastUpgradeCheck = 1030;
				ORGANIZATIONNAME = alvin.panganiban;
				TargetAttributes = {
					BD3A8C7B2314A4C9008D9C70 = {
						CreatedOnToolsVersion = 10.3;
						LastSwiftMigration = 1030;
					};
				};
			};
			buildConfigurationList = BD3A8C772314A4C8008D9C70 /* Build configuration list for PBXProject "ProjectTwo" */;
			compatibilityVersion = "Xcode 9.3";
			developmentRegion = en;
			hasScannedForEncodings = 0;
			knownRegions = (
				en,
				Base,
			);
			mainGroup = BD3A8C732314A4C8008D9C70;
			productRefGroup = BD3A8C7D2314A4C9008D9C70 /* Products */;
			projectDirPath = "";
			projectRoot = "";
			targets = (
				BD3A8C7B2314A4C9008D9C70 /* ProjectTwo */,
			);
		};
/* End PBXProject section */

/* Begin PBXResourcesBuildPhase section */
		BD3A8C7A2314A4C9008D9C70 /* Resources */ = {
			isa = PBXResourcesBuildPhase;
			buildActionMask = 2147483647;
			files = (
				BD3A8C8D2314A4CA008D9C70 /* LaunchScreen.storyboard in Resources */,
				BD3A8C8A2314A4CA008D9C70 /* Assets.xcassets in Resources */,
				BD3A8C852314A4C9008D9C70 /* Main.storyboard in Resources */,
			);
			runOnlyForDeploymentPostprocessing = 0;
		};
/* End PBXResourcesBuildPhase section */

/* Begin PBXShellScriptBuildPhase section */
		19B3591EAC4195BBF61009CE /* [CP] Check Pods Manifest.lock */ = {
			isa = PBXShellScriptBuildPhase;
			buildActionMask = 2147483647;
			files = (
			);
			inputFileListPaths = (
			);
			inputPaths = (
				"${PODS_PODFILE_DIR_PATH}/Podfile.lock",
				"${PODS_ROOT}/Manifest.lock",
			);
			name = "[CP] Check Pods Manifest.lock";
			outputFileListPaths = (
			);
			outputPaths = (
				"$(DERIVED_FILE_DIR)/Pods-ProjectTwo-checkManifestLockResult.txt",
			);
			runOnlyForDeploymentPostprocessing = 0;
			shellPath = /bin/sh;
			shellScript = "diff \"${PODS_PODFILE_DIR_PATH}/Podfile.lock\" \"${PODS_ROOT}/Manifest.lock\" > /dev/null\nif [ $? != 0 ] ; then\n    # print error to STDERR\n    echo \"error: The sandbox is not in sync with the Podfile.lock. Run 'pod install' or update your CocoaPods installation.\" >&2\n    exit 1\nfi\n# This output is used by Xcode 'outputs' to avoid re-running this script phase.\necho \"SUCCESS\" > \"${SCRIPT_OUTPUT_FILE_0}\"\n";
			showEnvVarsInLog = 0;
		};
/* End PBXShellScriptBuildPhase section */

/* Begin PBXSourcesBuildPhase section */
		BD3A8C782314A4C9008D9C70 /* Sources */ = {
			isa = PBXSourcesBuildPhase;
			buildActionMask = 2147483647;
			files = (
				BD3A8C822314A4C9008D9C70 /* ViewController.swift in Sources */,
				BD3A8C802314A4C9008D9C70 /* AppDelegate.swift in Sources */,
				BD3A8C882314A4C9008D9C70 /* ProjectTwo.xcdatamodeld in Sources */,
			);
			runOnlyForDeploymentPostprocessing = 0;
		};
/* End PBXSourcesBuildPhase section */

/* Begin PBXVariantGroup section */
		BD3A8C832314A4C9008D9C70 /* Main.storyboard */ = {
			isa = PBXVariantGroup;
			children = (
				BD3A8C842314A4C9008D9C70 /* Base */,
			);
			name = Main.storyboard;
			sourceTree = "<group>";
		};
		BD3A8C8B2314A4CA008D9C70 /* LaunchScreen.storyboard */ = {
			isa = PBXVariantGroup;
			children = (
				BD3A8C8C2314A4CA008D9C70 /* Base */,
			);
			name = LaunchScreen.storyboard;
			sourceTree = "<group>";
		};
/* End PBXVariantGroup section */

/* Begin XCBuildConfiguration section */
		BD3A8C8F2314A4CA008D9C70 /* Debug */ = {
			isa = XCBuildConfiguration;
			buildSettings = {
				ALWAYS_SEARCH_USER_PATHS = NO;
				CLANG_ANALYZER_NONNULL = YES;
				CLANG_ANALYZER_NUMBER_OBJECT_CONVERSION = YES_AGGRESSIVE;
				CLANG_CXX_LANGUAGE_STANDARD = "gnu++14";
				CLANG_CXX_LIBRARY = "libc++";
				CLANG_ENABLE_MODULES = YES;
				CLANG_ENABLE_OBJC_ARC = YES;
				CLANG_ENABLE_OBJC_WEAK = YES;
				CLANG_WARN_BLOCK_CAPTURE_AUTORELEASING = YES;
				CLANG_WARN_BOOL_CONVERSION = YES;
				CLANG_WARN_COMMA = YES;
				CLANG_WARN_CONSTANT_CONVERSION = YES;
				CLANG_WARN_DEPRECATED_OBJC_IMPLEMENTATIONS = YES;
				CLANG_WARN_DIRECT_OBJC_ISA_USAGE = YES_ERROR;
				CLANG_WARN_DOCUMENTATION_COMMENTS = YES;
				CLANG_WARN_EMPTY_BODY = YES;
				CLANG_WARN_ENUM_CONVERSION = YES;
				CLANG_WARN_INFINITE_RECURSION = YES;
				CLANG_WARN_INT_CONVERSION = YES;
				CLANG_WARN_NON_LITERAL_NULL_CONVERSION = YES;
				CLANG_WARN_OBJC_IMPLICIT_RETAIN_SELF = YES;
				CLANG_WARN_OBJC_LITERAL_CONVERSION = YES;
				CLANG_WARN_OBJC_ROOT_CLASS = YES_ERROR;
				CLANG_WARN_RANGE_LOOP_ANALYSIS = YES;
				CLANG_WARN_STRICT_PROTOTYPES = YES;
				CLANG_WARN_SUSPICIOUS_MOVE = YES;
				CLANG_WARN_UNGUARDED_AVAILABILITY = YES_AGGRESSIVE;
				CLANG_WARN_UNREACHABLE_CODE = YES;
				CLANG_WARN__DUPLICATE_METHOD_MATCH = YES;
				CODE_SIGN_IDENTITY = "iPhone Developer";
				COPY_PHASE_STRIP = NO;
				DEBUG_INFORMATION_FORMAT = dwarf;
				ENABLE_STRICT_OBJC_MSGSEND = YES;
				ENABLE_TESTABILITY = YES;
				GCC_C_LANGUAGE_STANDARD = gnu11;
				GCC_DYNAMIC_NO_PIC = NO;
				GCC_NO_COMMON_BLOCKS = YES;
				GCC_OPTIMIZATION_LEVEL = 0;
				GCC_PREPROCESSOR_DEFINITIONS = (
					"DEBUG=1",
					"$(inherited)",
				);
				GCC_WARN_64_TO_32_BIT_CONVERSION = YES;
				GCC_WARN_ABOUT_RETURN_TYPE = YES_ERROR;
				GCC_WARN_UNDECLARED_SELECTOR = YES;
				GCC_WARN_UNINITIALIZED_AUTOS = YES_AGGRESSIVE;
				GCC_WARN_UNUSED_FUNCTION = YES;
				GCC_WARN_UNUSED_VARIABLE = YES;
				IPHONEOS_DEPLOYMENT_TARGET = 12.4;
				MTL_ENABLE_DEBUG_INFO = INCLUDE_SOURCE;
				MTL_FAST_MATH = YES;
				ONLY_ACTIVE_ARCH = YES;
				SDKROOT = iphoneos;
				SWIFT_ACTIVE_COMPILATION_CONDITIONS = DEBUG;
				SWIFT_OPTIMIZATION_LEVEL = "-Onone";
			};
			name = Debug;
		};
		BD3A8C902314A4CA008D9C70 /* Release */ = {
			isa = XCBuildConfiguration;
			buildSettings = {
				ALWAYS_SEARCH_USER_PATHS = NO;
				CLANG_ANALYZER_NONNULL = YES;
				CLANG_ANALYZER_NUMBER_OBJECT_CONVERSION = YES_AGGRESSIVE;
				CLANG_CXX_LANGUAGE_STANDARD = "gnu++14";
				CLANG_CXX_LIBRARY = "libc++";
				CLANG_ENABLE_MODULES = YES;
				CLANG_ENABLE_OBJC_ARC = YES;
				CLANG_ENABLE_OBJC_WEAK = YES;
				CLANG_WARN_BLOCK_CAPTURE_AUTORELEASING = YES;
				CLANG_WARN_BOOL_CONVERSION = YES;
				CLANG_WARN_COMMA = YES;
				CLANG_WARN_CONSTANT_CONVERSION = YES;
				CLANG_WARN_DEPRECATED_OBJC_IMPLEMENTATIONS = YES;
				CLANG_WARN_DIRECT_OBJC_ISA_USAGE = YES_ERROR;
				CLANG_WARN_DOCUMENTATION_COMMENTS = YES;
				CLANG_WARN_EMPTY_BODY = YES;
				CLANG_WARN_ENUM_CONVERSION = YES;
				CLANG_WARN_INFINITE_RECURSION = YES;
				CLANG_WARN_INT_CONVERSION = YES;
				CLANG_WARN_NON_LITERAL_NULL_CONVERSION = YES;
				CLANG_WARN_OBJC_IMPLICIT_RETAIN_SELF = YES;
				CLANG_WARN_OBJC_LITERAL_CONVERSION = YES;
				CLANG_WARN_OBJC_ROOT_CLASS = YES_ERROR;
				CLANG_WARN_RANGE_LOOP_ANALYSIS = YES;
				CLANG_WARN_STRICT_PROTOTYPES = YES;
				CLANG_WARN_SUSPICIOUS_MOVE = YES;
				CLANG_WARN_UNGUARDED_AVAILABILITY = YES_AGGRESSIVE;
				CLANG_WARN_UNREACHABLE_CODE = YES;
				CLANG_WARN__DUPLICATE_METHOD_MATCH = YES;
				CODE_SIGN_IDENTITY = "iPhone Developer";
				COPY_PHASE_STRIP = NO;
				DEBUG_INFORMATION_FORMAT = "dwarf-with-dsym";
				ENABLE_NS_ASSERTIONS = NO;
				ENABLE_STRICT_OBJC_MSGSEND = YES;
				GCC_C_LANGUAGE_STANDARD = gnu11;
				GCC_NO_COMMON_BLOCKS = YES;
				GCC_WARN_64_TO_32_BIT_CONVERSION = YES;
				GCC_WARN_ABOUT_RETURN_TYPE = YES_ERROR;
				GCC_WARN_UNDECLARED_SELECTOR = YES;
				GCC_WARN_UNINITIALIZED_AUTOS = YES_AGGRESSIVE;
				GCC_WARN_UNUSED_FUNCTION = YES;
				GCC_WARN_UNUSED_VARIABLE = YES;
				IPHONEOS_DEPLOYMENT_TARGET = 12.4;
				MTL_ENABLE_DEBUG_INFO = NO;
				MTL_FAST_MATH = YES;
				SDKROOT = iphoneos;
				SWIFT_COMPILATION_MODE = wholemodule;
				SWIFT_OPTIMIZATION_LEVEL = "-O";
				VALIDATE_PRODUCT = YES;
			};
			name = Release;
		};
		BD3A8C922314A4CA008D9C70 /* Debug */ = {
			isa = XCBuildConfiguration;
			baseConfigurationReference = 1D9ECEA7D4D703CED72F5506 /* Pods-ProjectTwo.debug.xcconfig */;
			buildSettings = {
				ASSETCATALOG_COMPILER_APPICON_NAME = AppIcon;
				CLANG_ENABLE_MODULES = YES;
				CODE_SIGN_STYLE = Automatic;
				INFOPLIST_FILE = ProjectTwo/Info.plist;
				LD_RUNPATH_SEARCH_PATHS = (
					"$(inherited)",
					"@executable_path/Frameworks",
				);
				PRODUCT_BUNDLE_IDENTIFIER = singleapp.view.com.ProjectTwo;
				PRODUCT_NAME = "$(TARGET_NAME)";
				SWIFT_OBJC_BRIDGING_HEADER = "ProjectTwo/ProjectTwo-Bridging-Header.h";
				SWIFT_OPTIMIZATION_LEVEL = "-Onone";
				SWIFT_VERSION = 5.0;
				TARGETED_DEVICE_FAMILY = "1,2";
			};
			name = Debug;
		};
		BD3A8C932314A4CA008D9C70 /* Release */ = {
			isa = XCBuildConfiguration;
			baseConfigurationReference = CB91344547A173AED85DA54E /* Pods-ProjectTwo.release.xcconfig */;
			buildSettings = {
				ASSETCATALOG_COMPILER_APPICON_NAME = AppIcon;
				CLANG_ENABLE_MODULES = YES;
				CODE_SIGN_STYLE = Automatic;
				INFOPLIST_FILE = ProjectTwo/Info.plist;
				LD_RUNPATH_SEARCH_PATHS = (
					"$(inherited)",
					"@executable_path/Frameworks",
				);
				PRODUCT_BUNDLE_IDENTIFIER = singleapp.view.com.ProjectTwo;
				PRODUCT_NAME = "$(TARGET_NAME)";
				SWIFT_OBJC_BRIDGING_HEADER = "ProjectTwo/ProjectTwo-Bridging-Header.h";
				SWIFT_VERSION = 5.0;
				TARGETED_DEVICE_FAMILY = "1,2";
			};
			name = Release;
		};
/* End XCBuildConfiguration section */

/* Begin XCConfigurationList section */
		BD3A8C772314A4C8008D9C70 /* Build configuration list for PBXProject "ProjectTwo" */ = {
			isa = XCConfigurationList;
			buildConfigurations = (
				BD3A8C8F2314A4CA008D9C70 /* Debug */,
				BD3A8C902314A4CA008D9C70 /* Release */,
			);
			defaultConfigurationIsVisible = 0;
			defaultConfigurationName = Release;
		};
		BD3A8C912314A4CA008D9C70 /* Build configuration list for PBXNativeTarget "ProjectTwo" */ = {
			isa = XCConfigurationList;
			buildConfigurations = (
				BD3A8C922314A4CA008D9C70 /* Debug */,
				BD3A8C932314A4CA008D9C70 /* Release */,
			);
			defaultConfigurationIsVisible = 0;
			defaultConfigurationName = Release;
		};
/* End XCConfigurationList section */

/* Begin XCVersionGroup section */
		BD3A8C862314A4C9008D9C70 /* ProjectTwo.xcdatamodeld */ = {
			isa = XCVersionGroup;
			children = (
				BD3A8C872314A4C9008D9C70 /* ProjectTwo.xcdatamodel */,
			);
			currentVersion = BD3A8C872314A4C9008D9C70 /* ProjectTwo.xcdatamodel */;
			path = ProjectTwo.xcdatamodeld;
			sourceTree = "<group>";
			versionGroupType = wrapper.xcdatamodel;
		};
/* End XCVersionGroup section */
	};
	rootObject = BD3A8C742314A4C8008D9C70 /* Project object */;
}
